// !$*UTF8*$!
{
	archiveVersion = 1;
	classes = {
	};
	objectVersion = 50;
	objects = {

/* Begin PBXFileReference section */
		8BA291EB228322C8003C35C9 /* .theos */ = {isa = PBXFileReference; lastKnownFileType = folder; path = .theos; sourceTree = "<group>"; };
		8BA291EC228322C8003C35C9 /* entry.plist */ = {isa = PBXFileReference; lastKnownFileType = text.plist.xml; path = entry.plist; sourceTree = "<group>"; };
		8BA291ED228322C8003C35C9 /* LacertosusButtonController.m */ = {isa = PBXFileReference; lastKnownFileType = sourcecode.c.objc; path = LacertosusButtonController.m; sourceTree = "<group>"; };
		8BA291EE228322C8003C35C9 /* LacertosusCustomHeaderClassCell.h */ = {isa = PBXFileReference; lastKnownFileType = sourcecode.c.h; path = LacertosusCustomHeaderClassCell.h; sourceTree = "<group>"; };
		8BA291EF228322C8003C35C9 /* Makefile */ = {isa = PBXFileReference; lastKnownFileType = sourcecode.make; path = Makefile; sourceTree = "<group>"; };
		8BA291F0228322C8003C35C9 /* NavaleGradientPreviewCell.h */ = {isa = PBXFileReference; lastKnownFileType = sourcecode.c.h; path = NavaleGradientPreviewCell.h; sourceTree = "<group>"; };
		8BA291F1228322C8003C35C9 /* NAVRootListController.h */ = {isa = PBXFileReference; lastKnownFileType = sourcecode.c.h; path = NAVRootListController.h; sourceTree = "<group>"; };
		8BA291F2228322C8003C35C9 /* NAVRootListController.m */ = {isa = PBXFileReference; lastKnownFileType = sourcecode.c.objc; path = NAVRootListController.m; sourceTree = "<group>"; };
		8BA291F3228322C8003C35C9 /* PreferencesColorDefinitions.h */ = {isa = PBXFileReference; lastKnownFileType = sourcecode.c.h; path = PreferencesColorDefinitions.h; sourceTree = "<group>"; };
		8BA291F4228322C8003C35C9 /* Resources */ = {isa = PBXFileReference; lastKnownFileType = folder; path = Resources; sourceTree = "<group>"; };
/* End PBXFileReference section */

/* Begin PBXGroup section */
		8BA291E5228322C8003C35C9 = {
			isa = PBXGroup;
			children = (
				8BA291EB228322C8003C35C9 /* .theos */,
				8BA291EC228322C8003C35C9 /* entry.plist */,
				8BA291ED228322C8003C35C9 /* LacertosusButtonController.m */,
				8BA291EE228322C8003C35C9 /* LacertosusCustomHeaderClassCell.h */,
				8BA291EF228322C8003C35C9 /* Makefile */,
				8BA291F0228322C8003C35C9 /* NavaleGradientPreviewCell.h */,
				8BA291F1228322C8003C35C9 /* NAVRootListController.h */,
				8BA291F2228322C8003C35C9 /* NAVRootListController.m */,
				8BA291F3228322C8003C35C9 /* PreferencesColorDefinitions.h */,
				8BA291F4228322C8003C35C9 /* Resources */,
			);
			sourceTree = "<group>";
		};
/* End PBXGroup section */

/* Begin PBXLegacyTarget section */
		8BA291EA228322C8003C35C9 /* navaleprefs */ = {
			isa = PBXLegacyTarget;
			buildArgumentsString = "$(ACTION)";
			buildConfigurationList = 8BA291F5228322C8003C35C9 /* Build configuration list for PBXLegacyTarget "navaleprefs" */;
			buildPhases = (
			);
			buildToolPath = /usr/bin/make;
			buildWorkingDirectory = "/Users/developer/Downloads/Open-Source-Tweaks-master/Navale/navaleprefs";
			dependencies = (
			);
			name = navaleprefs;
			passBuildSettingsInEnvironment = 1;
			productName = navaleprefs;
		};
/* End PBXLegacyTarget section */

/* Begin PBXProject section */
		8BA291E6228322C8003C35C9 /* Project object */ = {
			isa = PBXProject;
			attributes = {
			};
			buildConfigurationList = 8BA291E9228322C8003C35C9 /* Build configuration list for PBXProject "navaleprefs" */;
			compatibilityVersion = "Xcode 9.3";
			developmentRegion = en;
			hasScannedForEncodings = 0;
			knownRegions = (
				en,
			);
			mainGroup = 8BA291E5228322C8003C35C9;
			projectDirPath = "";
			projectRoot = "";
			targets = (
				8BA291EA228322C8003C35C9 /* navaleprefs */,
			);
		};
/* End PBXProject section */

/* Begin XCBuildConfiguration section */
		8BA291E7228322C8003C35C9 /* Debug */ = {
			isa = XCBuildConfiguration;
			buildSettings = {
				ARCHS = "$(ARCHS_STANDARD_32_BIT)";
				COPY_PHASE_STRIP = NO;
				GCC_WARN_ABOUT_RETURN_TYPE = YES;
				GCC_WARN_UNUSED_VARIABLE = YES;
				ONLY_ACTIVE_ARCH = YES;
				SDKROOT = macosx10.6;
			};
			name = Debug;
		};
		8BA291E8228322C8003C35C9 /* Release */ = {
			isa = XCBuildConfiguration;
			buildSettings = {
				ARCHS = "$(ARCHS_STANDARD_32_BIT)";
				COPY_PHASE_STRIP = YES;
				GCC_WARN_ABOUT_RETURN_TYPE = YES;
				GCC_WARN_UNUSED_VARIABLE = YES;
				SDKROOT = macosx10.6;
			};
			name = Release;
		};
		8BA291F6228322C8003C35C9 /* Debug */ = {
			isa = XCBuildConfiguration;
			buildSettings = {
				COPY_PHASE_STRIP = NO;
				DEBUGGING_SYMBOLS = YES;
				GCC_DYNAMIC_NO_PIC = NO;
				GCC_ENABLE_FIX_AND_CONTINUE = YES;
				GCC_GENERATE_DEBUGGING_SYMBOLS = YES;
				GCC_OPTIMIZATION_LEVEL = 0;
				OTHER_CFLAGS = "";
				OTHER_LDFLAGS = "";
				PRODUCT_NAME = navaleprefs;
			};
			name = Debug;
		};
		8BA291F7228322C8003C35C9 /* Release */ = {
			isa = XCBuildConfiguration;
			buildSettings = {
				COPY_PHASE_STRIP = YES;
				DEBUG_INFORMATION_FORMAT = "dwarf-with-dsym";
				GCC_ENABLE_FIX_AND_CONTINUE = NO;
				OTHER_CFLAGS = "";
				OTHER_LDFLAGS = "";
				PRODUCT_NAME = navaleprefs;
			};
			name = Release;
		};
/* End XCBuildConfiguration section */

/* Begin XCConfigurationList section */
		8BA291E9228322C8003C35C9 /* Build configuration list for PBXProject "navaleprefs" */ = {
			isa = XCConfigurationList;
			buildConfigurations = (
				8BA291E7228322C8003C35C9 /* Debug */,
				8BA291E8228322C8003C35C9 /* Release */,
			);
			defaultConfigurationIsVisible = 0;
			defaultConfigurationName = Release;
		};
		8BA291F5228322C8003C35C9 /* Build configuration list for PBXLegacyTarget "navaleprefs" */ = {
			isa = XCConfigurationList;
			buildConfigurations = (
				8BA291F6228322C8003C35C9 /* Debug */,
				8BA291F7228322C8003C35C9 /* Release */,
			);
			defaultConfigurationIsVisible = 0;
			defaultConfigurationName = Release;
		};
/* End XCConfigurationList section */
	};
	rootObject = 8BA291E6228322C8003C35C9 /* Project object */;
}
